// !$*UTF8*$!
{
	archiveVersion = 1;
	classes = {
	};
	objectVersion = 50;
	objects = {

/* Begin PBXBuildFile section */
		CE69DE3723A284A100A387F7 /* main.cpp in Sources */ = {isa = PBXBuildFile; fileRef = CE69DE3623A284A100A387F7 /* main.cpp */; };
		CE69DE3E23A284DC00A387F7 /* web.cpp in Sources */ = {isa = PBXBuildFile; fileRef = CE69DE3D23A284DC00A387F7 /* web.cpp */; };
		CE69DE4123A2851700A387F7 /* pa4.cpp in Sources */ = {isa = PBXBuildFile; fileRef = CE69DE4023A2851700A387F7 /* pa4.cpp */; };
/* End PBXBuildFile section */

/* Begin PBXCopyFilesBuildPhase section */
		CE69DE3123A284A100A387F7 /* CopyFiles */ = {
			isa = PBXCopyFilesBuildPhase;
			buildActionMask = 2147483647;
			dstPath = /usr/share/man/man1/;
			dstSubfolderSpec = 0;
			files = (
			);
			runOnlyForDeploymentPostprocessing = 1;
		};
/* End PBXCopyFilesBuildPhase section */

/* Begin PBXFileReference section */
		CE69DE3323A284A100A387F7 /* COMP_2011_Assignment_4 */ = {isa = PBXFileReference; explicitFileType = "compiled.mach-o.executable"; includeInIndex = 0; path = COMP_2011_Assignment_4; sourceTree = BUILT_PRODUCTS_DIR; };
		CE69DE3623A284A100A387F7 /* main.cpp */ = {isa = PBXFileReference; lastKnownFileType = sourcecode.cpp.cpp; name = main.cpp; path = COMP_2011_Assignment_4/main.cpp; sourceTree = SOURCE_ROOT; };
		CE69DE3D23A284DC00A387F7 /* web.cpp */ = {isa = PBXFileReference; lastKnownFileType = sourcecode.cpp.cpp; path = web.cpp; sourceTree = "<group>"; };
		CE69DE3F23A284ED00A387F7 /* web.h */ = {isa = PBXFileReference; lastKnownFileType = sourcecode.c.h; path = web.h; sourceTree = "<group>"; };
		CE69DE4023A2851700A387F7 /* pa4.cpp */ = {isa = PBXFileReference; lastKnownFileType = sourcecode.cpp.cpp; path = pa4.cpp; sourceTree = "<group>"; };
		CE85343D23A3E7500076FBAF /* sample1 */ = {isa = PBXFileReference; lastKnownFileType = folder; path = sample1; sourceTree = "<group>"; };
		CE85343F23A4B2170076FBAF /* sample2 */ = {isa = PBXFileReference; lastKnownFileType = folder; path = sample2; sourceTree = "<group>"; };
/* End PBXFileReference section */

/* Begin PBXFrameworksBuildPhase section */
		CE69DE3023A284A100A387F7 /* Frameworks */ = {
			isa = PBXFrameworksBuildPhase;
			buildActionMask = 2147483647;
			files = (
			);
			runOnlyForDeploymentPostprocessing = 0;
		};
/* End PBXFrameworksBuildPhase section */

/* Begin PBXGroup section */
		CE69DE2A23A284A000A387F7 = {
			isa = PBXGroup;
			children = (
				CE69DE3523A284A100A387F7 /* COMP_2011_Assignment_4 */,
				CE69DE3423A284A100A387F7 /* Products */,
				CE85343D23A3E7500076FBAF /* sample1 */,
				CE85343F23A4B2170076FBAF /* sample2 */,
			);
			sourceTree = "<group>";
		};
		CE69DE3423A284A100A387F7 /* Products */ = {
			isa = PBXGroup;
			children = (
				CE69DE3323A284A100A387F7 /* COMP_2011_Assignment_4 */,
			);
			name = Products;
			sourceTree = "<group>";
		};
		CE69DE3523A284A100A387F7 /* COMP_2011_Assignment_4 */ = {
			isa = PBXGroup;
			children = (
				CE69DE3623A284A100A387F7 /* main.cpp */,
				CE69DE4023A2851700A387F7 /* pa4.cpp */,
				CE69DE3D23A284DC00A387F7 /* web.cpp */,
				CE69DE3F23A284ED00A387F7 /* web.h */,
			);
			path = COMP_2011_Assignment_4;
			sourceTree = "<group>";
		};
/* End PBXGroup section */

/* Begin PBXNativeTarget section */
		CE69DE3223A284A100A387F7 /* COMP_2011_Assignment_4 */ = {
			isa = PBXNativeTarget;
			buildConfigurationList = CE69DE3A23A284A100A387F7 /* Build configuration list for PBXNativeTarget "COMP_2011_Assignment_4" */;
			buildPhases = (
				CE69DE2F23A284A100A387F7 /* Sources */,
				CE69DE3023A284A100A387F7 /* Frameworks */,
				CE69DE3123A284A100A387F7 /* CopyFiles */,
			);
			buildRules = (
			);
			dependencies = (
			);
			name = COMP_2011_Assignment_4;
			productName = COMP_2011_Assignment_4;
			productReference = CE69DE3323A284A100A387F7 /* COMP_2011_Assignment_4 */;
			productType = "com.apple.product-type.tool";
		};
/* End PBXNativeTarget section */

/* Begin PBXProject section */
		CE69DE2B23A284A000A387F7 /* Project object */ = {
			isa = PBXProject;
			attributes = {
				LastUpgradeCheck = 1130;
				ORGANIZATIONNAME = "LAM Ho Chit";
				TargetAttributes = {
					CE69DE3223A284A100A387F7 = {
						CreatedOnToolsVersion = 11.3;
					};
				};
			};
			buildConfigurationList = CE69DE2E23A284A000A387F7 /* Build configuration list for PBXProject "COMP_2011_Assignment_4" */;
			compatibilityVersion = "Xcode 9.3";
			developmentRegion = en;
			hasScannedForEncodings = 0;
			knownRegions = (
				en,
				Base,
			);
			mainGroup = CE69DE2A23A284A000A387F7;
			productRefGroup = CE69DE3423A284A100A387F7 /* Products */;
			projectDirPath = "";
			projectRoot = "";
			targets = (
				CE69DE3223A284A100A387F7 /* COMP_2011_Assignment_4 */,
			);
		};
/* End PBXProject section */

/* Begin PBXSourcesBuildPhase section */
		CE69DE2F23A284A100A387F7 /* Sources */ = {
			isa = PBXSourcesBuildPhase;
			buildActionMask = 2147483647;
			files = (
				CE69DE4123A2851700A387F7 /* pa4.cpp in Sources */,
				CE69DE3E23A284DC00A387F7 /* web.cpp in Sources */,
				CE69DE3723A284A100A387F7 /* main.cpp in Sources */,
			);
			runOnlyForDeploymentPostprocessing = 0;
		};
/* End PBXSourcesBuildPhase section */

/* Begin XCBuildConfiguration section */
		CE69DE3823A284A100A387F7 /* Debug */ = {
			isa = XCBuildConfiguration;
			buildSettings = {
				ALWAYS_SEARCH_USER_PATHS = NO;
				CLANG_ANALYZER_NONNULL = YES;
				CLANG_ANALYZER_NUMBER_OBJECT_CONVERSION = YES_AGGRESSIVE;
				CLANG_CXX_LANGUAGE_STANDARD = "gnu++14";
				CLANG_CXX_LIBRARY = "libc++";
				CLANG_ENABLE_MODULES = YES;
				CLANG_ENABLE_OBJC_ARC = YES;
				CLANG_ENABLE_OBJC_WEAK = YES;
				CLANG_WARN_BLOCK_CAPTURE_AUTORELEASING = YES;
				CLANG_WARN_BOOL_CONVERSION = YES;
				CLANG_WARN_COMMA = YES;
				CLANG_WARN_CONSTANT_CONVERSION = YES;
				CLANG_WARN_DEPRECATED_OBJC_IMPLEMENTATIONS = YES;
				CLANG_WARN_DIRECT_OBJC_ISA_USAGE = YES_ERROR;
				CLANG_WARN_DOCUMENTATION_COMMENTS = YES;
				CLANG_WARN_EMPTY_BODY = YES;
				CLANG_WARN_ENUM_CONVERSION = YES;
				CLANG_WARN_INFINITE_RECURSION = YES;
				CLANG_WARN_INT_CONVERSION = YES;
				CLANG_WARN_NON_LITERAL_NULL_CONVERSION = YES;
				CLANG_WARN_OBJC_IMPLICIT_RETAIN_SELF = YES;
				CLANG_WARN_OBJC_LITERAL_CONVERSION = YES;
				CLANG_WARN_OBJC_ROOT_CLASS = YES_ERROR;
				CLANG_WARN_RANGE_LOOP_ANALYSIS = YES;
				CLANG_WARN_STRICT_PROTOTYPES = YES;
				CLANG_WARN_SUSPICIOUS_MOVE = YES;
				CLANG_WARN_UNGUARDED_AVAILABILITY = YES_AGGRESSIVE;
				CLANG_WARN_UNREACHABLE_CODE = YES;
				CLANG_WARN__DUPLICATE_METHOD_MATCH = YES;
				COPY_PHASE_STRIP = NO;
				DEBUG_INFORMATION_FORMAT = dwarf;
				ENABLE_STRICT_OBJC_MSGSEND = YES;
				ENABLE_TESTABILITY = YES;
				GCC_C_LANGUAGE_STANDARD = gnu11;
				GCC_DYNAMIC_NO_PIC = NO;
				GCC_NO_COMMON_BLOCKS = YES;
				GCC_OPTIMIZATION_LEVEL = 0;
				GCC_PREPROCESSOR_DEFINITIONS = (
					"DEBUG=1",
					"$(inherited)",
				);
				GCC_WARN_64_TO_32_BIT_CONVERSION = YES;
				GCC_WARN_ABOUT_RETURN_TYPE = YES_ERROR;
				GCC_WARN_UNDECLARED_SELECTOR = YES;
				GCC_WARN_UNINITIALIZED_AUTOS = YES_AGGRESSIVE;
				GCC_WARN_UNUSED_FUNCTION = YES;
				GCC_WARN_UNUSED_VARIABLE = YES;
				MACOSX_DEPLOYMENT_TARGET = 10.15;
				MTL_ENABLE_DEBUG_INFO = INCLUDE_SOURCE;
				MTL_FAST_MATH = YES;
				ONLY_ACTIVE_ARCH = YES;
				SDKROOT = macosx;
			};
			name = Debug;
		};
		CE69DE3923A284A100A387F7 /* Release */ = {
			isa = XCBuildConfiguration;
			buildSettings = {
				ALWAYS_SEARCH_USER_PATHS = NO;
				CLANG_ANALYZER_NONNULL = YES;
				CLANG_ANALYZER_NUMBER_OBJECT_CONVERSION = YES_AGGRESSIVE;
				CLANG_CXX_LANGUAGE_STANDARD = "gnu++14";
				CLANG_CXX_LIBRARY = "libc++";
				CLANG_ENABLE_MODULES = YES;
				CLANG_ENABLE_OBJC_ARC = YES;
				CLANG_ENABLE_OBJC_WEAK = YES;
				CLANG_WARN_BLOCK_CAPTURE_AUTORELEASING = YES;
				CLANG_WARN_BOOL_CONVERSION = YES;
				CLANG_WARN_COMMA = YES;
				CLANG_WARN_CONSTANT_CONVERSION = YES;
				CLANG_WARN_DEPRECATED_OBJC_IMPLEMENTATIONS = YES;
				CLANG_WARN_DIRECT_OBJC_ISA_USAGE = YES_ERROR;
				CLANG_WARN_DOCUMENTATION_COMMENTS = YES;
				CLANG_WARN_EMPTY_BODY = YES;
				CLANG_WARN_ENUM_CONVERSION = YES;
				CLANG_WARN_INFINITE_RECURSION = YES;
				CLANG_WARN_INT_CONVERSION = YES;
				CLANG_WARN_NON_LITERAL_NULL_CONVERSION = YES;
				CLANG_WARN_OBJC_IMPLICIT_RETAIN_SELF = YES;
				CLANG_WARN_OBJC_LITERAL_CONVERSION = YES;
				CLANG_WARN_OBJC_ROOT_CLASS = YES_ERROR;
				CLANG_WARN_RANGE_LOOP_ANALYSIS = YES;
				CLANG_WARN_STRICT_PROTOTYPES = YES;
				CLANG_WARN_SUSPICIOUS_MOVE = YES;
				CLANG_WARN_UNGUARDED_AVAILABILITY = YES_AGGRESSIVE;
				CLANG_WARN_UNREACHABLE_CODE = YES;
				CLANG_WARN__DUPLICATE_METHOD_MATCH = YES;
				COPY_PHASE_STRIP = NO;
				DEBUG_INFORMATION_FORMAT = "dwarf-with-dsym";
				ENABLE_NS_ASSERTIONS = NO;
				ENABLE_STRICT_OBJC_MSGSEND = YES;
				GCC_C_LANGUAGE_STANDARD = gnu11;
				GCC_NO_COMMON_BLOCKS = YES;
				GCC_WARN_64_TO_32_BIT_CONVERSION = YES;
				GCC_WARN_ABOUT_RETURN_TYPE = YES_ERROR;
				GCC_WARN_UNDECLARED_SELECTOR = YES;
				GCC_WARN_UNINITIALIZED_AUTOS = YES_AGGRESSIVE;
				GCC_WARN_UNUSED_FUNCTION = YES;
				GCC_WARN_UNUSED_VARIABLE = YES;
				MACOSX_DEPLOYMENT_TARGET = 10.15;
				MTL_ENABLE_DEBUG_INFO = NO;
				MTL_FAST_MATH = YES;
				SDKROOT = macosx;
			};
			name = Release;
		};
		CE69DE3B23A284A100A387F7 /* Debug */ = {
			isa = XCBuildConfiguration;
			buildSettings = {
				CODE_SIGN_STYLE = Automatic;
				PRODUCT_NAME = "$(TARGET_NAME)";
			};
			name = Debug;
		};
		CE69DE3C23A284A100A387F7 /* Release */ = {
			isa = XCBuildConfiguration;
			buildSettings = {
				CODE_SIGN_STYLE = Automatic;
				PRODUCT_NAME = "$(TARGET_NAME)";
			};
			name = Release;
		};
/* End XCBuildConfiguration section */

/* Begin XCConfigurationList section */
		CE69DE2E23A284A000A387F7 /* Build configuration list for PBXProject "COMP_2011_Assignment_4" */ = {
			isa = XCConfigurationList;
			buildConfigurations = (
				CE69DE3823A284A100A387F7 /* Debug */,
				CE69DE3923A284A100A387F7 /* Release */,
			);
			defaultConfigurationIsVisible = 0;
			defaultConfigurationName = Release;
		};
		CE69DE3A23A284A100A387F7 /* Build configuration list for PBXNativeTarget "COMP_2011_Assignment_4" */ = {
			isa = XCConfigurationList;
			buildConfigurations = (
				CE69DE3B23A284A100A387F7 /* Debug */,
				CE69DE3C23A284A100A387F7 /* Release */,
			);
			defaultConfigurationIsVisible = 0;
			defaultConfigurationName = Release;
		};
/* End XCConfigurationList section */
	};
	rootObject = CE69DE2B23A284A000A387F7 /* Project object */;
}
